
Microsoft Visual Studio Solution File, Format Version 12.00
# Visual Studio 15
Project("{FAE04EC0-301F-11D3-BF4B-00C04F79EFBC}") = "LookupsAndExamples", "LookupsAndExamples\LookupsAndExamples.csproj", "{0195EED0-2AD8-4274-8A1C-48A5948AD8C4}"
EndProject
Global
	GlobalSection(SolutionConfigurationPlatforms) = preSolution
		Debug|x86 = Debug|x86
		Release|x86 = Release|x86
	EndGlobalSection
	GlobalSection(ProjectConfigurationPlatforms) = postSolution
		{0195EED0-2AD8-4274-8A1C-48A5948AD8C4}.Debug|x86.ActiveCfg = Debug|Any CPU
		{0195EED0-2AD8-4274-8A1C-48A5948AD8C4}.Debug|x86.Build.0 = Debug|Any CPU
		{0195EED0-2AD8-4274-8A1C-48A5948AD8C4}.Release|x86.ActiveCfg = Release|Any CPU
		{0195EED0-2AD8-4274-8A1C-48A5948AD8C4}.Release|x86.Build.0 = Release|Any CPU
	EndGlobalSection
EndGlobal
